Microsoft Visual Studio Solution File, Format Version 10.00
# Visual Studio 2008
Project("{8BC9CEB8-8B4A-11D0-8D11-00A0C91BC942}") = "imageclient2", "imageclient2.0\imageclient2.vcproj", "{B4D4834E-779B-3F3A-A924-442CA4B76460}"
EndProject
Project("{8BC9CEB8-8B4A-11D0-8D11-00A0C91BC942}") = "tangoImageWidget", "imageWidget\tangoImageWidget.vcproj", "{A5B7E661-19C1-347F-85C8-9B1B054DA471}"
EndProject
Global
	GlobalSection(SolutionConfigurationPlatforms) = preSolution
		Debug|Win32 = Debug|Win32
		Release|Win32 = Release|Win32
	EndGlobalSection
	GlobalSection(ProjectConfigurationPlatforms) = postSolution
		{B4D4834E-779B-3F3A-A924-442CA4B76460}.Debug|Win32.ActiveCfg = Debug|Win32
		{B4D4834E-779B-3F3A-A924-442CA4B76460}.Debug|Win32.Build.0 = Debug|Win32
		{B4D4834E-779B-3F3A-A924-442CA4B76460}.Release|Win32.ActiveCfg = Release|Win32
		{B4D4834E-779B-3F3A-A924-442CA4B76460}.Release|Win32.Build.0 = Release|Win32
		{A5B7E661-19C1-347F-85C8-9B1B054DA471}.Debug|Win32.ActiveCfg = Debug|Win32
		{A5B7E661-19C1-347F-85C8-9B1B054DA471}.Debug|Win32.Build.0 = Debug|Win32
		{A5B7E661-19C1-347F-85C8-9B1B054DA471}.Release|Win32.ActiveCfg = Release|Win32
		{A5B7E661-19C1-347F-85C8-9B1B054DA471}.Release|Win32.Build.0 = Release|Win32
	EndGlobalSection
	GlobalSection(SolutionProperties) = preSolution
		HideSolutionNode = FALSE
	EndGlobalSection
EndGlobal
